
Microsoft Visual Studio Solution File, Format Version 12.00
# Visual Studio Version 16
VisualStudioVersion = 16.0.31702.278
MinimumVisualStudioVersion = 10.0.40219.1
Project("{FAE04EC0-301F-11D3-BF4B-00C04F79EFBC}") = "RemindMe", "RemindMe\RemindMe.csproj", "{E2AC9B11-13A3-4AA7-B834-3ED88A752007}"
EndProject
Project("{54435603-DBB4-11D2-8724-00A0C9A8B90C}") = "Setup", "Setup\Setup.vdproj", "{EB6B4DCD-8AE9-40B0-91DE-BD3E6B4FECBE}"
EndProject
Global
	GlobalSection(SolutionConfigurationPlatforms) = preSolution
		Debug|Any CPU = Debug|Any CPU
		Release|Any CPU = Release|Any CPU
	EndGlobalSection
	GlobalSection(ProjectConfigurationPlatforms) = postSolution
		{E2AC9B11-13A3-4AA7-B834-3ED88A752007}.Debug|Any CPU.ActiveCfg = Debug|Any CPU
		{E2AC9B11-13A3-4AA7-B834-3ED88A752007}.Debug|Any CPU.Build.0 = Debug|Any CPU
		{E2AC9B11-13A3-4AA7-B834-3ED88A752007}.Release|Any CPU.ActiveCfg = Release|Any CPU
		{E2AC9B11-13A3-4AA7-B834-3ED88A752007}.Release|Any CPU.Build.0 = Release|Any CPU
		{EB6B4DCD-8AE9-40B0-91DE-BD3E6B4FECBE}.Debug|Any CPU.ActiveCfg = Debug
		{EB6B4DCD-8AE9-40B0-91DE-BD3E6B4FECBE}.Release|Any CPU.ActiveCfg = Release
	EndGlobalSection
	GlobalSection(SolutionProperties) = preSolution
		HideSolutionNode = FALSE
	EndGlobalSection
	GlobalSection(ExtensibilityGlobals) = postSolution
		SolutionGuid = {A9B26E39-E2C5-4058-A81F-5EA1FBB0AC21}
	EndGlobalSection
EndGlobal
